
Microsoft Visual Studio Solution File, Format Version 12.00
Project("{FAE04EC0-301F-11D3-BF4B-00C04F79EFBC}") = "OgrenciListe", "OgrenciListe.csproj", "{2B7CC4E3-0FFD-45B7-BDB8-A64A6996F0B5}"
EndProject
Global
	GlobalSection(SolutionConfigurationPlatforms) = preSolution
		Debug|Any CPU = Debug|Any CPU
		Release|Any CPU = Release|Any CPU
	EndGlobalSection
	GlobalSection(ProjectConfigurationPlatforms) = postSolution
		{2B7CC4E3-0FFD-45B7-BDB8-A64A6996F0B5}.Debug|Any CPU.ActiveCfg = Debug|Any CPU
		{2B7CC4E3-0FFD-45B7-BDB8-A64A6996F0B5}.Debug|Any CPU.Build.0 = Debug|Any CPU
		{2B7CC4E3-0FFD-45B7-BDB8-A64A6996F0B5}.Release|Any CPU.ActiveCfg = Release|Any CPU
		{2B7CC4E3-0FFD-45B7-BDB8-A64A6996F0B5}.Release|Any CPU.Build.0 = Release|Any CPU
	EndGlobalSection
EndGlobal
